// !$*UTF8*$!
{
	archiveVersion = 1;
	classes = {
	};
	objectVersion = 50;
	objects = {

/* Begin PBXBuildFile section */
		6434A26424717E9B00477012 /* main.swift in Sources */ = {isa = PBXBuildFile; fileRef = 6434A26324717E9B00477012 /* main.swift */; };
		6434A26E24717EE700477012 /* Handler_NOT_SOLID.swift in Sources */ = {isa = PBXBuildFile; fileRef = 6434A26D24717EE700477012 /* Handler_NOT_SOLID.swift */; };
		6434A2702471816400477012 /* Handler_SOLID.swift in Sources */ = {isa = PBXBuildFile; fileRef = 6434A26F2471816400477012 /* Handler_SOLID.swift */; };
		6434A2732471844000477012 /* Vehicles_NOT_SOLID.swift in Sources */ = {isa = PBXBuildFile; fileRef = 6434A2722471844000477012 /* Vehicles_NOT_SOLID.swift */; };
		6434A2752471866500477012 /* Vehicles_SOLID.swift in Sources */ = {isa = PBXBuildFile; fileRef = 6434A2742471866500477012 /* Vehicles_SOLID.swift */; };
		6434A2782471994A00477012 /* Rectangle_NOT_SOLID.swift in Sources */ = {isa = PBXBuildFile; fileRef = 6434A2772471994A00477012 /* Rectangle_NOT_SOLID.swift */; };
		6434A27A24719C7300477012 /* Rectangle_SOLID.swift in Sources */ = {isa = PBXBuildFile; fileRef = 6434A27924719C7300477012 /* Rectangle_SOLID.swift */; };
		6434A27F2471A14500477012 /* Button_NOT_SOLID.swift in Sources */ = {isa = PBXBuildFile; fileRef = 6434A27E2471A14500477012 /* Button_NOT_SOLID.swift */; };
		6434A2812471A24F00477012 /* Button_SOLID.swift in Sources */ = {isa = PBXBuildFile; fileRef = 6434A2802471A24F00477012 /* Button_SOLID.swift */; };
		6434A2842471A3D100477012 /* VIDEO_NOT_SOLID.swift in Sources */ = {isa = PBXBuildFile; fileRef = 6434A2832471A3D100477012 /* VIDEO_NOT_SOLID.swift */; };
		6434A2862471A50300477012 /* VIDEO_SOLID.swift in Sources */ = {isa = PBXBuildFile; fileRef = 6434A2852471A50300477012 /* VIDEO_SOLID.swift */; };
		6434A2892471A6A800477012 /* SaveData_NOT_SOLID.swift in Sources */ = {isa = PBXBuildFile; fileRef = 6434A2882471A6A800477012 /* SaveData_NOT_SOLID.swift */; };
		6434A28B2471A7D600477012 /* SaveData_SOLID.swift in Sources */ = {isa = PBXBuildFile; fileRef = 6434A28A2471A7D600477012 /* SaveData_SOLID.swift */; };
/* End PBXBuildFile section */

/* Begin PBXCopyFilesBuildPhase section */
		6434A25E24717E9B00477012 /* CopyFiles */ = {
			isa = PBXCopyFilesBuildPhase;
			buildActionMask = 2147483647;
			dstPath = /usr/share/man/man1/;
			dstSubfolderSpec = 0;
			files = (
			);
			runOnlyForDeploymentPostprocessing = 1;
		};
/* End PBXCopyFilesBuildPhase section */

/* Begin PBXFileReference section */
		6434A26024717E9B00477012 /* SOLID */ = {isa = PBXFileReference; explicitFileType = "compiled.mach-o.executable"; includeInIndex = 0; path = SOLID; sourceTree = BUILT_PRODUCTS_DIR; };
		6434A26324717E9B00477012 /* main.swift */ = {isa = PBXFileReference; lastKnownFileType = sourcecode.swift; path = main.swift; sourceTree = "<group>"; };
		6434A26D24717EE700477012 /* Handler_NOT_SOLID.swift */ = {isa = PBXFileReference; lastKnownFileType = sourcecode.swift; path = Handler_NOT_SOLID.swift; sourceTree = "<group>"; };
		6434A26F2471816400477012 /* Handler_SOLID.swift */ = {isa = PBXFileReference; lastKnownFileType = sourcecode.swift; path = Handler_SOLID.swift; sourceTree = "<group>"; };
		6434A2722471844000477012 /* Vehicles_NOT_SOLID.swift */ = {isa = PBXFileReference; lastKnownFileType = sourcecode.swift; path = Vehicles_NOT_SOLID.swift; sourceTree = "<group>"; };
		6434A2742471866500477012 /* Vehicles_SOLID.swift */ = {isa = PBXFileReference; lastKnownFileType = sourcecode.swift; path = Vehicles_SOLID.swift; sourceTree = "<group>"; };
		6434A2772471994A00477012 /* Rectangle_NOT_SOLID.swift */ = {isa = PBXFileReference; lastKnownFileType = sourcecode.swift; path = Rectangle_NOT_SOLID.swift; sourceTree = "<group>"; };
		6434A27924719C7300477012 /* Rectangle_SOLID.swift */ = {isa = PBXFileReference; lastKnownFileType = sourcecode.swift; path = Rectangle_SOLID.swift; sourceTree = "<group>"; };
		6434A27E2471A14500477012 /* Button_NOT_SOLID.swift */ = {isa = PBXFileReference; lastKnownFileType = sourcecode.swift; path = Button_NOT_SOLID.swift; sourceTree = "<group>"; };
		6434A2802471A24F00477012 /* Button_SOLID.swift */ = {isa = PBXFileReference; lastKnownFileType = sourcecode.swift; path = Button_SOLID.swift; sourceTree = "<group>"; };
		6434A2832471A3D100477012 /* VIDEO_NOT_SOLID.swift */ = {isa = PBXFileReference; lastKnownFileType = sourcecode.swift; path = VIDEO_NOT_SOLID.swift; sourceTree = "<group>"; };
		6434A2852471A50300477012 /* VIDEO_SOLID.swift */ = {isa = PBXFileReference; lastKnownFileType = sourcecode.swift; path = VIDEO_SOLID.swift; sourceTree = "<group>"; };
		6434A2882471A6A800477012 /* SaveData_NOT_SOLID.swift */ = {isa = PBXFileReference; lastKnownFileType = sourcecode.swift; path = SaveData_NOT_SOLID.swift; sourceTree = "<group>"; };
		6434A28A2471A7D600477012 /* SaveData_SOLID.swift */ = {isa = PBXFileReference; lastKnownFileType = sourcecode.swift; path = SaveData_SOLID.swift; sourceTree = "<group>"; };
/* End PBXFileReference section */

/* Begin PBXFrameworksBuildPhase section */
		6434A25D24717E9B00477012 /* Frameworks */ = {
			isa = PBXFrameworksBuildPhase;
			buildActionMask = 2147483647;
			files = (
			);
			runOnlyForDeploymentPostprocessing = 0;
		};
/* End PBXFrameworksBuildPhase section */

/* Begin PBXGroup section */
		6434A25724717E9B00477012 = {
			isa = PBXGroup;
			children = (
				6434A26224717E9B00477012 /* SOLID */,
				6434A26124717E9B00477012 /* Products */,
			);
			sourceTree = "<group>";
		};
		6434A26124717E9B00477012 /* Products */ = {
			isa = PBXGroup;
			children = (
				6434A26024717E9B00477012 /* SOLID */,
			);
			name = Products;
			sourceTree = "<group>";
		};
		6434A26224717E9B00477012 /* SOLID */ = {
			isa = PBXGroup;
			children = (
				6434A26A24717EA500477012 /* Single Responsibility Principle */,
				6434A271247183F700477012 /* Open Closed Principle */,
				6434A2762471988F00477012 /* Liskov Substitution Principle */,
				6434A27B2471A0B100477012 /* Interface Segregation Principle */,
				6434A2872471A67800477012 /* The Dependency Inversion Principle */,
				6434A26324717E9B00477012 /* main.swift */,
			);
			path = SOLID;
			sourceTree = "<group>";
		};
		6434A26A24717EA500477012 /* Single Responsibility Principle */ = {
			isa = PBXGroup;
			children = (
				6434A26D24717EE700477012 /* Handler_NOT_SOLID.swift */,
				6434A26F2471816400477012 /* Handler_SOLID.swift */,
			);
			path = "Single Responsibility Principle";
			sourceTree = "<group>";
		};
		6434A271247183F700477012 /* Open Closed Principle */ = {
			isa = PBXGroup;
			children = (
				6434A2722471844000477012 /* Vehicles_NOT_SOLID.swift */,
				6434A2742471866500477012 /* Vehicles_SOLID.swift */,
			);
			path = "Open Closed Principle";
			sourceTree = "<group>";
		};
		6434A2762471988F00477012 /* Liskov Substitution Principle */ = {
			isa = PBXGroup;
			children = (
				6434A2772471994A00477012 /* Rectangle_NOT_SOLID.swift */,
				6434A27924719C7300477012 /* Rectangle_SOLID.swift */,
			);
			path = "Liskov Substitution Principle";
			sourceTree = "<group>";
		};
		6434A27B2471A0B100477012 /* Interface Segregation Principle */ = {
			isa = PBXGroup;
			children = (
				6434A27C2471A0DA00477012 /* Protocol */,
				6434A2822471A34500477012 /* Class */,
			);
			path = "Interface Segregation Principle";
			sourceTree = "<group>";
		};
		6434A27C2471A0DA00477012 /* Protocol */ = {
			isa = PBXGroup;
			children = (
				6434A27E2471A14500477012 /* Button_NOT_SOLID.swift */,
				6434A2802471A24F00477012 /* Button_SOLID.swift */,
			);
			path = Protocol;
			sourceTree = "<group>";
		};
		6434A2822471A34500477012 /* Class */ = {
			isa = PBXGroup;
			children = (
				6434A2832471A3D100477012 /* VIDEO_NOT_SOLID.swift */,
				6434A2852471A50300477012 /* VIDEO_SOLID.swift */,
			);
			path = Class;
			sourceTree = "<group>";
		};
		6434A2872471A67800477012 /* The Dependency Inversion Principle */ = {
			isa = PBXGroup;
			children = (
				6434A2882471A6A800477012 /* SaveData_NOT_SOLID.swift */,
				6434A28A2471A7D600477012 /* SaveData_SOLID.swift */,
			);
			path = "The Dependency Inversion Principle";
			sourceTree = "<group>";
		};
/* End PBXGroup section */

/* Begin PBXNativeTarget section */
		6434A25F24717E9B00477012 /* SOLID */ = {
			isa = PBXNativeTarget;
			buildConfigurationList = 6434A26724717E9B00477012 /* Build configuration list for PBXNativeTarget "SOLID" */;
			buildPhases = (
				6434A25C24717E9B00477012 /* Sources */,
				6434A25D24717E9B00477012 /* Frameworks */,
				6434A25E24717E9B00477012 /* CopyFiles */,
			);
			buildRules = (
			);
			dependencies = (
			);
			name = SOLID;
			productName = SOLID;
			productReference = 6434A26024717E9B00477012 /* SOLID */;
			productType = "com.apple.product-type.tool";
		};
/* End PBXNativeTarget section */

/* Begin PBXProject section */
		6434A25824717E9B00477012 /* Project object */ = {
			isa = PBXProject;
			attributes = {
				LastSwiftUpdateCheck = 1140;
				LastUpgradeCheck = 1140;
				ORGANIZATIONNAME = mkilmer;
				TargetAttributes = {
					6434A25F24717E9B00477012 = {
						CreatedOnToolsVersion = 11.4.1;
					};
				};
			};
			buildConfigurationList = 6434A25B24717E9B00477012 /* Build configuration list for PBXProject "SOLID" */;
			compatibilityVersion = "Xcode 9.3";
			developmentRegion = en;
			hasScannedForEncodings = 0;
			knownRegions = (
				en,
				Base,
			);
			mainGroup = 6434A25724717E9B00477012;
			productRefGroup = 6434A26124717E9B00477012 /* Products */;
			projectDirPath = "";
			projectRoot = "";
			targets = (
				6434A25F24717E9B00477012 /* SOLID */,
			);
		};
/* End PBXProject section */

/* Begin PBXSourcesBuildPhase section */
		6434A25C24717E9B00477012 /* Sources */ = {
			isa = PBXSourcesBuildPhase;
			buildActionMask = 2147483647;
			files = (
				6434A2732471844000477012 /* Vehicles_NOT_SOLID.swift in Sources */,
				6434A2782471994A00477012 /* Rectangle_NOT_SOLID.swift in Sources */,
				6434A26E24717EE700477012 /* Handler_NOT_SOLID.swift in Sources */,
				6434A26424717E9B00477012 /* main.swift in Sources */,
				6434A2752471866500477012 /* Vehicles_SOLID.swift in Sources */,
				6434A2702471816400477012 /* Handler_SOLID.swift in Sources */,
				6434A2892471A6A800477012 /* SaveData_NOT_SOLID.swift in Sources */,
				6434A27A24719C7300477012 /* Rectangle_SOLID.swift in Sources */,
				6434A2862471A50300477012 /* VIDEO_SOLID.swift in Sources */,
				6434A2842471A3D100477012 /* VIDEO_NOT_SOLID.swift in Sources */,
				6434A2812471A24F00477012 /* Button_SOLID.swift in Sources */,
				6434A28B2471A7D600477012 /* SaveData_SOLID.swift in Sources */,
				6434A27F2471A14500477012 /* Button_NOT_SOLID.swift in Sources */,
			);
			runOnlyForDeploymentPostprocessing = 0;
		};
/* End PBXSourcesBuildPhase section */

/* Begin XCBuildConfiguration section */
		6434A26524717E9B00477012 /* Debug */ = {
			isa = XCBuildConfiguration;
			buildSettings = {
				ALWAYS_SEARCH_USER_PATHS = NO;
				CLANG_ANALYZER_NONNULL = YES;
				CLANG_ANALYZER_NUMBER_OBJECT_CONVERSION = YES_AGGRESSIVE;
				CLANG_CXX_LANGUAGE_STANDARD = "gnu++14";
				CLANG_CXX_LIBRARY = "libc++";
				CLANG_ENABLE_MODULES = YES;
				CLANG_ENABLE_OBJC_ARC = YES;
				CLANG_ENABLE_OBJC_WEAK = YES;
				CLANG_WARN_BLOCK_CAPTURE_AUTORELEASING = YES;
				CLANG_WARN_BOOL_CONVERSION = YES;
				CLANG_WARN_COMMA = YES;
				CLANG_WARN_CONSTANT_CONVERSION = YES;
				CLANG_WARN_DEPRECATED_OBJC_IMPLEMENTATIONS = YES;
				CLANG_WARN_DIRECT_OBJC_ISA_USAGE = YES_ERROR;
				CLANG_WARN_DOCUMENTATION_COMMENTS = YES;
				CLANG_WARN_EMPTY_BODY = YES;
				CLANG_WARN_ENUM_CONVERSION = YES;
				CLANG_WARN_INFINITE_RECURSION = YES;
				CLANG_WARN_INT_CONVERSION = YES;
				CLANG_WARN_NON_LITERAL_NULL_CONVERSION = YES;
				CLANG_WARN_OBJC_IMPLICIT_RETAIN_SELF = YES;
				CLANG_WARN_OBJC_LITERAL_CONVERSION = YES;
				CLANG_WARN_OBJC_ROOT_CLASS = YES_ERROR;
				CLANG_WARN_RANGE_LOOP_ANALYSIS = YES;
				CLANG_WARN_STRICT_PROTOTYPES = YES;
				CLANG_WARN_SUSPICIOUS_MOVE = YES;
				CLANG_WARN_UNGUARDED_AVAILABILITY = YES_AGGRESSIVE;
				CLANG_WARN_UNREACHABLE_CODE = YES;
				CLANG_WARN__DUPLICATE_METHOD_MATCH = YES;
				COPY_PHASE_STRIP = NO;
				DEBUG_INFORMATION_FORMAT = dwarf;
				ENABLE_STRICT_OBJC_MSGSEND = YES;
				ENABLE_TESTABILITY = YES;
				GCC_C_LANGUAGE_STANDARD = gnu11;
				GCC_DYNAMIC_NO_PIC = NO;
				GCC_NO_COMMON_BLOCKS = YES;
				GCC_OPTIMIZATION_LEVEL = 0;
				GCC_PREPROCESSOR_DEFINITIONS = (
					"DEBUG=1",
					"$(inherited)",
				);
				GCC_WARN_64_TO_32_BIT_CONVERSION = YES;
				GCC_WARN_ABOUT_RETURN_TYPE = YES_ERROR;
				GCC_WARN_UNDECLARED_SELECTOR = YES;
				GCC_WARN_UNINITIALIZED_AUTOS = YES_AGGRESSIVE;
				GCC_WARN_UNUSED_FUNCTION = YES;
				GCC_WARN_UNUSED_VARIABLE = YES;
				MACOSX_DEPLOYMENT_TARGET = 10.15;
				MTL_ENABLE_DEBUG_INFO = INCLUDE_SOURCE;
				MTL_FAST_MATH = YES;
				ONLY_ACTIVE_ARCH = YES;
				SDKROOT = macosx;
				SWIFT_ACTIVE_COMPILATION_CONDITIONS = DEBUG;
				SWIFT_OPTIMIZATION_LEVEL = "-Onone";
			};
			name = Debug;
		};
		6434A26624717E9B00477012 /* Release */ = {
			isa = XCBuildConfiguration;
			buildSettings = {
				ALWAYS_SEARCH_USER_PATHS = NO;
				CLANG_ANALYZER_NONNULL = YES;
				CLANG_ANALYZER_NUMBER_OBJECT_CONVERSION = YES_AGGRESSIVE;
				CLANG_CXX_LANGUAGE_STANDARD = "gnu++14";
				CLANG_CXX_LIBRARY = "libc++";
				CLANG_ENABLE_MODULES = YES;
				CLANG_ENABLE_OBJC_ARC = YES;
				CLANG_ENABLE_OBJC_WEAK = YES;
				CLANG_WARN_BLOCK_CAPTURE_AUTORELEASING = YES;
				CLANG_WARN_BOOL_CONVERSION = YES;
				CLANG_WARN_COMMA = YES;
				CLANG_WARN_CONSTANT_CONVERSION = YES;
				CLANG_WARN_DEPRECATED_OBJC_IMPLEMENTATIONS = YES;
				CLANG_WARN_DIRECT_OBJC_ISA_USAGE = YES_ERROR;
				CLANG_WARN_DOCUMENTATION_COMMENTS = YES;
				CLANG_WARN_EMPTY_BODY = YES;
				CLANG_WARN_ENUM_CONVERSION = YES;
				CLANG_WARN_INFINITE_RECURSION = YES;
				CLANG_WARN_INT_CONVERSION = YES;
				CLANG_WARN_NON_LITERAL_NULL_CONVERSION = YES;
				CLANG_WARN_OBJC_IMPLICIT_RETAIN_SELF = YES;
				CLANG_WARN_OBJC_LITERAL_CONVERSION = YES;
				CLANG_WARN_OBJC_ROOT_CLASS = YES_ERROR;
				CLANG_WARN_RANGE_LOOP_ANALYSIS = YES;
				CLANG_WARN_STRICT_PROTOTYPES = YES;
				CLANG_WARN_SUSPICIOUS_MOVE = YES;
				CLANG_WARN_UNGUARDED_AVAILABILITY = YES_AGGRESSIVE;
				CLANG_WARN_UNREACHABLE_CODE = YES;
				CLANG_WARN__DUPLICATE_METHOD_MATCH = YES;
				COPY_PHASE_STRIP = NO;
				DEBUG_INFORMATION_FORMAT = "dwarf-with-dsym";
				ENABLE_NS_ASSERTIONS = NO;
				ENABLE_STRICT_OBJC_MSGSEND = YES;
				GCC_C_LANGUAGE_STANDARD = gnu11;
				GCC_NO_COMMON_BLOCKS = YES;
				GCC_WARN_64_TO_32_BIT_CONVERSION = YES;
				GCC_WARN_ABOUT_RETURN_TYPE = YES_ERROR;
				GCC_WARN_UNDECLARED_SELECTOR = YES;
				GCC_WARN_UNINITIALIZED_AUTOS = YES_AGGRESSIVE;
				GCC_WARN_UNUSED_FUNCTION = YES;
				GCC_WARN_UNUSED_VARIABLE = YES;
				MACOSX_DEPLOYMENT_TARGET = 10.15;
				MTL_ENABLE_DEBUG_INFO = NO;
				MTL_FAST_MATH = YES;
				SDKROOT = macosx;
				SWIFT_COMPILATION_MODE = wholemodule;
				SWIFT_OPTIMIZATION_LEVEL = "-O";
			};
			name = Release;
		};
		6434A26824717E9B00477012 /* Debug */ = {
			isa = XCBuildConfiguration;
			buildSettings = {
				CODE_SIGN_STYLE = Automatic;
				DEVELOPMENT_TEAM = JA3K44V4L9;
				ENABLE_HARDENED_RUNTIME = YES;
				PRODUCT_NAME = "$(TARGET_NAME)";
				SWIFT_VERSION = 5.0;
			};
			name = Debug;
		};
		6434A26924717E9B00477012 /* Release */ = {
			isa = XCBuildConfiguration;
			buildSettings = {
				CODE_SIGN_STYLE = Automatic;
				DEVELOPMENT_TEAM = JA3K44V4L9;
				ENABLE_HARDENED_RUNTIME = YES;
				PRODUCT_NAME = "$(TARGET_NAME)";
				SWIFT_VERSION = 5.0;
			};
			name = Release;
		};
/* End XCBuildConfiguration section */

/* Begin XCConfigurationList section */
		6434A25B24717E9B00477012 /* Build configuration list for PBXProject "SOLID" */ = {
			isa = XCConfigurationList;
			buildConfigurations = (
				6434A26524717E9B00477012 /* Debug */,
				6434A26624717E9B00477012 /* Release */,
			);
			defaultConfigurationIsVisible = 0;
			defaultConfigurationName = Release;
		};
		6434A26724717E9B00477012 /* Build configuration list for PBXNativeTarget "SOLID" */ = {
			isa = XCConfigurationList;
			buildConfigurations = (
				6434A26824717E9B00477012 /* Debug */,
				6434A26924717E9B00477012 /* Release */,
			);
			defaultConfigurationIsVisible = 0;
			defaultConfigurationName = Release;
		};
/* End XCConfigurationList section */
	};
	rootObject = 6434A25824717E9B00477012 /* Project object */;
}
